
Microsoft Visual Studio Solution File, Format Version 12.00
# Visual Studio 15
VisualStudioVersion = 15.0.27004.2002
MinimumVisualStudioVersion = 10.0.40219.1
Project("{FAE04EC0-301F-11D3-BF4B-00C04F79EFBC}") = "mpRemoveAnnotScale_2013", "mpRemoveAnnotScale_2013\mpRemoveAnnotScale_2013.csproj", "{BB2ADF48-04EF-4AB7-963F-920CF0F748CE}"
EndProject
Project("{FAE04EC0-301F-11D3-BF4B-00C04F79EFBC}") = "mpRemoveAnnotScale_2014", "mpRemoveAnnotScale_2014\mpRemoveAnnotScale_2014.csproj", "{B6A26C40-C882-45E6-B727-0D2C181C582F}"
EndProject
Project("{FAE04EC0-301F-11D3-BF4B-00C04F79EFBC}") = "mpRemoveAnnotScale_2015", "mpRemoveAnnotScale_2015\mpRemoveAnnotScale_2015.csproj", "{C28BFD55-BB12-4B7B-8EB8-50317A16D63E}"
EndProject
Project("{FAE04EC0-301F-11D3-BF4B-00C04F79EFBC}") = "mpRemoveAnnotScale_2016", "mpRemoveAnnotScale_2016\mpRemoveAnnotScale_2016.csproj", "{B7AFA994-A61C-4120-97C2-B5F5987D90FA}"
EndProject
Project("{FAE04EC0-301F-11D3-BF4B-00C04F79EFBC}") = "mpRemoveAnnotScale_2017", "mpRemoveAnnotScale_2017\mpRemoveAnnotScale_2017.csproj", "{D8B0FAEA-9D32-4A8B-8335-818BD5BEA86C}"
EndProject
Project("{FAE04EC0-301F-11D3-BF4B-00C04F79EFBC}") = "mpRemoveAnnotScale_2018", "mpRemoveAnnotScale_2018\mpRemoveAnnotScale_2018.csproj", "{38E4CEC7-66EB-4D84-8E02-9CBF0736A964}"
EndProject
Project("{FAE04EC0-301F-11D3-BF4B-00C04F79EFBC}") = "mpRemoveAnnotScale_2019", "mpRemoveAnnotScale_2019\mpRemoveAnnotScale_2019.csproj", "{A8599143-98D4-4608-BA13-33DEA62C681A}"
EndProject
Global
	GlobalSection(SolutionConfigurationPlatforms) = preSolution
		Debug|Any CPU = Debug|Any CPU
		Release|Any CPU = Release|Any CPU
	EndGlobalSection
	GlobalSection(ProjectConfigurationPlatforms) = postSolution
		{BB2ADF48-04EF-4AB7-963F-920CF0F748CE}.Debug|Any CPU.ActiveCfg = Debug|Any CPU
		{BB2ADF48-04EF-4AB7-963F-920CF0F748CE}.Debug|Any CPU.Build.0 = Debug|Any CPU
		{BB2ADF48-04EF-4AB7-963F-920CF0F748CE}.Release|Any CPU.ActiveCfg = Release|Any CPU
		{BB2ADF48-04EF-4AB7-963F-920CF0F748CE}.Release|Any CPU.Build.0 = Release|Any CPU
		{B6A26C40-C882-45E6-B727-0D2C181C582F}.Debug|Any CPU.ActiveCfg = Debug|Any CPU
		{B6A26C40-C882-45E6-B727-0D2C181C582F}.Debug|Any CPU.Build.0 = Debug|Any CPU
		{B6A26C40-C882-45E6-B727-0D2C181C582F}.Release|Any CPU.ActiveCfg = Release|Any CPU
		{B6A26C40-C882-45E6-B727-0D2C181C582F}.Release|Any CPU.Build.0 = Release|Any CPU
		{C28BFD55-BB12-4B7B-8EB8-50317A16D63E}.Debug|Any CPU.ActiveCfg = Debug|Any CPU
		{C28BFD55-BB12-4B7B-8EB8-50317A16D63E}.Debug|Any CPU.Build.0 = Debug|Any CPU
		{C28BFD55-BB12-4B7B-8EB8-50317A16D63E}.Release|Any CPU.ActiveCfg = Release|Any CPU
		{C28BFD55-BB12-4B7B-8EB8-50317A16D63E}.Release|Any CPU.Build.0 = Release|Any CPU
		{B7AFA994-A61C-4120-97C2-B5F5987D90FA}.Debug|Any CPU.ActiveCfg = Debug|Any CPU
		{B7AFA994-A61C-4120-97C2-B5F5987D90FA}.Debug|Any CPU.Build.0 = Debug|Any CPU
		{B7AFA994-A61C-4120-97C2-B5F5987D90FA}.Release|Any CPU.ActiveCfg = Release|Any CPU
		{B7AFA994-A61C-4120-97C2-B5F5987D90FA}.Release|Any CPU.Build.0 = Release|Any CPU
		{D8B0FAEA-9D32-4A8B-8335-818BD5BEA86C}.Debug|Any CPU.ActiveCfg = Debug|Any CPU
		{D8B0FAEA-9D32-4A8B-8335-818BD5BEA86C}.Debug|Any CPU.Build.0 = Debug|Any CPU
		{D8B0FAEA-9D32-4A8B-8335-818BD5BEA86C}.Release|Any CPU.ActiveCfg = Release|Any CPU
		{D8B0FAEA-9D32-4A8B-8335-818BD5BEA86C}.Release|Any CPU.Build.0 = Release|Any CPU
		{38E4CEC7-66EB-4D84-8E02-9CBF0736A964}.Debug|Any CPU.ActiveCfg = Debug|Any CPU
		{38E4CEC7-66EB-4D84-8E02-9CBF0736A964}.Debug|Any CPU.Build.0 = Debug|Any CPU
		{38E4CEC7-66EB-4D84-8E02-9CBF0736A964}.Release|Any CPU.ActiveCfg = Release|Any CPU
		{38E4CEC7-66EB-4D84-8E02-9CBF0736A964}.Release|Any CPU.Build.0 = Release|Any CPU
		{A8599143-98D4-4608-BA13-33DEA62C681A}.Debug|Any CPU.ActiveCfg = Debug|Any CPU
		{A8599143-98D4-4608-BA13-33DEA62C681A}.Debug|Any CPU.Build.0 = Debug|Any CPU
		{A8599143-98D4-4608-BA13-33DEA62C681A}.Release|Any CPU.ActiveCfg = Release|Any CPU
		{A8599143-98D4-4608-BA13-33DEA62C681A}.Release|Any CPU.Build.0 = Release|Any CPU
	EndGlobalSection
	GlobalSection(SolutionProperties) = preSolution
		HideSolutionNode = FALSE
	EndGlobalSection
	GlobalSection(ExtensibilityGlobals) = postSolution
		SolutionGuid = {B68FB527-1DAB-4233-9597-1EDB7D498826}
	EndGlobalSection
EndGlobal
